<?xml version="1.0" encoding="utf-8"?>
<Project ToolsVersion="4.0" xmlns="http://schemas.microsoft.com/developer/msbuild/2003">
  <ItemGroup>
    <Filter Include="Source Files">
      <UniqueIdentifier>{4FC737F1-C7A5-4376-A066-2A32D752A2FF}</UniqueIdentifier>
      <Extensions>cpp;c;cc;cxx;def;odl;idl;hpj;bat;asm;asmx</Extensions>
    </Filter>
    <Filter Include="Header Files">
      <UniqueIdentifier>{93995380-89BD-4b04-88EB-625FBE52EBFB}</UniqueIdentifier>
      <Extensions>h;hh;hpp;hxx;hm;inl;inc;xsd</Extensions>
    </Filter>
    <Filter Include="Resource Files">
      <UniqueIdentifier>{67DA6AB6-F800-4c08-8B7A-83BB121AAD01}</UniqueIdentifier>
      <Extensions>rc;ico;cur;bmp;dlg;rc2;rct;bin;rgs;gif;jpg;jpeg;jpe;resx;tiff;tif;png;wav;mfcribbon-ms</Extensions>
    </Filter>
    <Filter Include="Header Files\nfc">
      <UniqueIdentifier>{61766ed0-e029-427c-8bf1-2ae8375debca}</UniqueIdentifier>
    </Filter>
    <Filter Include="Header Files\nfc\drv">
      <UniqueIdentifier>{f2443614-8767-4f49-8e23-939b8365cbd7}</UniqueIdentifier>
    </Filter>
    <Filter Include="Header Files\nfc\drv\win32">
      <UniqueIdentifier>{6ad203c3-d10f-4fb0-8d7b-287177c1ca73}</UniqueIdentifier>
    </Filter>
    <Filter Include="Header Files\nfc\mfc">
      <UniqueIdentifier>{bda9e0ec-ef75-4fb8-a071-7ee9d683cd43}</UniqueIdentifier>
    </Filter>
    <Filter Include="Header Files\nfc\mfc\win32">
      <UniqueIdentifier>{cb01acd7-74aa-483d-915d-4ec8a813d366}</UniqueIdentifier>
    </Filter>
  </ItemGroup>
  <ItemGroup>
    <Text Include="ReadMe.txt" />
  </ItemGroup>
  <ItemGroup>
    <Library Include="Winscard.lib" />
  </ItemGroup>
  <ItemGroup>
    <ClCompile Include="Exception.cpp">
      <Filter>Source Files</Filter>
    </ClCompile>
    <ClCompile Include="mfc_win32_CardHandler.cpp">
      <Filter>Source Files</Filter>
    </ClCompile>
    <ClCompile Include="drv_win32_ACR122U.cpp">
      <Filter>Source Files</Filter>
    </ClCompile>
  </ItemGroup>
  <ItemGroup>
    <ClInclude Include="nfc\drv\win32\ACR122U.h">
      <Filter>Header Files\nfc\drv\win32</Filter>
    </ClInclude>
    <ClInclude Include="nfc\mfc\mfc.h">
      <Filter>Header Files\nfc\mfc</Filter>
    </ClInclude>
    <ClInclude Include="nfc\mfc\win32\CardHandler.h">
      <Filter>Header Files\nfc\mfc\win32</Filter>
    </ClInclude>
    <ClInclude Include="nfc\mfc\CardHandlerInterface.h">
      <Filter>Header Files\nfc\mfc</Filter>
    </ClInclude>
    <ClInclude Include="nfc\drv\win32\WINSCARD.H">
      <Filter>Header Files\nfc\drv\win32</Filter>
    </ClInclude>
    <ClInclude Include="nfc\Exception.h">
      <Filter>Header Files\nfc</Filter>
    </ClInclude>
    <ClInclude Include="nfc\mfc\CardHandler.h">
      <Filter>Header Files\nfc\mfc</Filter>
    </ClInclude>
  </ItemGroup>
</Project>